
Microsoft Visual Studio Solution File, Format Version 12.00
# Visual Studio Version 16
VisualStudioVersion = 16.0.31410.357
MinimumVisualStudioVersion = 10.0.40219.1
Project("{FAE04EC0-301F-11D3-BF4B-00C04F79EFBC}") = "CodeFileTools", "CodeFileTools.csproj", "{5ABF7FAA-2334-43DD-8644-F381B53A5AF6}"
EndProject
Global
	GlobalSection(SolutionConfigurationPlatforms) = preSolution
		Debug|Any CPU = Debug|Any CPU
		Release|Any CPU = Release|Any CPU
	EndGlobalSection
	GlobalSection(ProjectConfigurationPlatforms) = postSolution
		{5ABF7FAA-2334-43DD-8644-F381B53A5AF6}.Debug|Any CPU.ActiveCfg = Debug|Any CPU
		{5ABF7FAA-2334-43DD-8644-F381B53A5AF6}.Debug|Any CPU.Build.0 = Debug|Any CPU
		{5ABF7FAA-2334-43DD-8644-F381B53A5AF6}.Release|Any CPU.ActiveCfg = Release|Any CPU
		{5ABF7FAA-2334-43DD-8644-F381B53A5AF6}.Release|Any CPU.Build.0 = Release|Any CPU
	EndGlobalSection
	GlobalSection(SolutionProperties) = preSolution
		HideSolutionNode = FALSE
	EndGlobalSection
	GlobalSection(ExtensibilityGlobals) = postSolution
		SolutionGuid = {8D796D2B-F90E-4FEA-B0B1-EA1B369484EA}
	EndGlobalSection
EndGlobal
